// !$*UTF8*$!
{
	archiveVersion = 1;
	classes = {
	};
	objectVersion = 56;
	objects = {

/* Begin PBXBuildFile section */
		11DC881FE0870F366EE0DC94 /* Pods_UniqloApp.framework in Frameworks */ = {isa = PBXBuildFile; fileRef = A884C74DF92FE684286DE28B /* Pods_UniqloApp.framework */; };
		174118C42BC53BA300B04CCE /* CheckOutItemCell.swift in Sources */ = {isa = PBXBuildFile; fileRef = 174118C22BC53BA300B04CCE /* CheckOutItemCell.swift */; };
		174118C52BC53BA300B04CCE /* CheckOutItemCell.xib in Resources */ = {isa = PBXBuildFile; fileRef = 174118C32BC53BA300B04CCE /* CheckOutItemCell.xib */; };
		1759D99C2BBC041600E4FE60 /* TT Commons DemiBold.otf in Resources */ = {isa = PBXBuildFile; fileRef = 1759D98A2BBC041600E4FE60 /* TT Commons DemiBold.otf */; };
		1759D99D2BBC041600E4FE60 /* TT Commons Thin Italic.otf in Resources */ = {isa = PBXBuildFile; fileRef = 1759D98B2BBC041600E4FE60 /* TT Commons Thin Italic.otf */; };
		1759D99E2BBC041600E4FE60 /* TT Commons ExtraBold Italic.otf in Resources */ = {isa = PBXBuildFile; fileRef = 1759D98C2BBC041600E4FE60 /* TT Commons ExtraBold Italic.otf */; };
		1759D99F2BBC041600E4FE60 /* TT Commons Light.otf in Resources */ = {isa = PBXBuildFile; fileRef = 1759D98D2BBC041600E4FE60 /* TT Commons Light.otf */; };
		1759D9A02BBC041600E4FE60 /* TT Commons Thin.otf in Resources */ = {isa = PBXBuildFile; fileRef = 1759D98E2BBC041600E4FE60 /* TT Commons Thin.otf */; };
		1759D9A12BBC041600E4FE60 /* TT Commons Black Italic.otf in Resources */ = {isa = PBXBuildFile; fileRef = 1759D98F2BBC041600E4FE60 /* TT Commons Black Italic.otf */; };
		1759D9A22BBC041600E4FE60 /* TT Commons ExtraBold.otf in Resources */ = {isa = PBXBuildFile; fileRef = 1759D9902BBC041600E4FE60 /* TT Commons ExtraBold.otf */; };
		1759D9A32BBC041600E4FE60 /* TT Commons Light Italic.otf in Resources */ = {isa = PBXBuildFile; fileRef = 1759D9912BBC041600E4FE60 /* TT Commons Light Italic.otf */; };
		1759D9A42BBC041600E4FE60 /* TT Commons ExtraLight Italic.otf in Resources */ = {isa = PBXBuildFile; fileRef = 1759D9922BBC041600E4FE60 /* TT Commons ExtraLight Italic.otf */; };
		1759D9A52BBC041600E4FE60 /* TT Commons Italic.otf in Resources */ = {isa = PBXBuildFile; fileRef = 1759D9932BBC041600E4FE60 /* TT Commons Italic.otf */; };
		1759D9A62BBC041600E4FE60 /* TT Commons Medium.otf in Resources */ = {isa = PBXBuildFile; fileRef = 1759D9942BBC041600E4FE60 /* TT Commons Medium.otf */; };
		1759D9A72BBC041600E4FE60 /* TT Commons Regular.otf in Resources */ = {isa = PBXBuildFile; fileRef = 1759D9952BBC041600E4FE60 /* TT Commons Regular.otf */; };
		1759D9A82BBC041600E4FE60 /* TT Commons Bold.otf in Resources */ = {isa = PBXBuildFile; fileRef = 1759D9962BBC041600E4FE60 /* TT Commons Bold.otf */; };
		1759D9A92BBC041600E4FE60 /* TT Commons Black.otf in Resources */ = {isa = PBXBuildFile; fileRef = 1759D9972BBC041600E4FE60 /* TT Commons Black.otf */; };
		1759D9AA2BBC041600E4FE60 /* TT Commons Bold Italic.otf in Resources */ = {isa = PBXBuildFile; fileRef = 1759D9982BBC041600E4FE60 /* TT Commons Bold Italic.otf */; };
		1759D9AB2BBC041600E4FE60 /* TT Commons Medium Italic.otf in Resources */ = {isa = PBXBuildFile; fileRef = 1759D9992BBC041600E4FE60 /* TT Commons Medium Italic.otf */; };
		1759D9AC2BBC041600E4FE60 /* TT Commons DemiBold Italic.otf in Resources */ = {isa = PBXBuildFile; fileRef = 1759D99A2BBC041600E4FE60 /* TT Commons DemiBold Italic.otf */; };
		1759D9AD2BBC041600E4FE60 /* TT Commons ExtraLight.otf in Resources */ = {isa = PBXBuildFile; fileRef = 1759D99B2BBC041600E4FE60 /* TT Commons ExtraLight.otf */; };
		1759D9B02BBC092800E4FE60 /* CategoryVC.swift in Sources */ = {isa = PBXBuildFile; fileRef = 1759D9AE2BBC092800E4FE60 /* CategoryVC.swift */; };
		1759D9B12BBC092800E4FE60 /* CategoryVC.xib in Resources */ = {isa = PBXBuildFile; fileRef = 1759D9AF2BBC092800E4FE60 /* CategoryVC.xib */; };
		1759D9B52BBC15FB00E4FE60 /* CategoryCollectionViewCell.swift in Sources */ = {isa = PBXBuildFile; fileRef = 1759D9B32BBC15FB00E4FE60 /* CategoryCollectionViewCell.swift */; };
		1759D9B62BBC15FB00E4FE60 /* CategoryCollectionViewCell.xib in Resources */ = {isa = PBXBuildFile; fileRef = 1759D9B42BBC15FB00E4FE60 /* CategoryCollectionViewCell.xib */; };
		1759D9B92BBC165E00E4FE60 /* CategoryCell.swift in Sources */ = {isa = PBXBuildFile; fileRef = 1759D9B72BBC165E00E4FE60 /* CategoryCell.swift */; };
		1759D9BA2BBC165E00E4FE60 /* CategoryCell.xib in Resources */ = {isa = PBXBuildFile; fileRef = 1759D9B82BBC165E00E4FE60 /* CategoryCell.xib */; };
		17BB88682BC3D86500CAA43F /* ListItemVC.swift in Sources */ = {isa = PBXBuildFile; fileRef = 17BB88662BC3D86500CAA43F /* ListItemVC.swift */; };
		17BB88692BC3D86500CAA43F /* ListItemVC.xib in Resources */ = {isa = PBXBuildFile; fileRef = 17BB88672BC3D86500CAA43F /* ListItemVC.xib */; };
		17BB886C2BC3DBC500CAA43F /* UniqloItemCell.swift in Sources */ = {isa = PBXBuildFile; fileRef = 17BB886A2BC3DBC500CAA43F /* UniqloItemCell.swift */; };
		17BB886D2BC3DBC500CAA43F /* UniqloItemCell.xib in Resources */ = {isa = PBXBuildFile; fileRef = 17BB886B2BC3DBC500CAA43F /* UniqloItemCell.xib */; };
		17BB886F2BC3E20800CAA43F /* BaseVC.swift in Sources */ = {isa = PBXBuildFile; fileRef = 17BB886E2BC3E20800CAA43F /* BaseVC.swift */; };
		17BB88732BC3E5C200CAA43F /* ItemDetailVC.swift in Sources */ = {isa = PBXBuildFile; fileRef = 17BB88712BC3E5C200CAA43F /* ItemDetailVC.swift */; };
		17BB88742BC3E5C200CAA43F /* ItemDetailVC.xib in Resources */ = {isa = PBXBuildFile; fileRef = 17BB88722BC3E5C200CAA43F /* ItemDetailVC.xib */; };
		17BB88772BC3F45E00CAA43F /* ItemImageCell.swift in Sources */ = {isa = PBXBuildFile; fileRef = 17BB88752BC3F45E00CAA43F /* ItemImageCell.swift */; };
		17BB88782BC3F45E00CAA43F /* ItemImageCell.xib in Resources */ = {isa = PBXBuildFile; fileRef = 17BB88762BC3F45E00CAA43F /* ItemImageCell.xib */; };
		17D13C912C06C923004458B7 /* CategoryListAPI.swift in Sources */ = {isa = PBXBuildFile; fileRef = 17D13C902C06C923004458B7 /* CategoryListAPI.swift */; };
		17DCD3F02BC67519001A997B /* CartItem.swift in Sources */ = {isa = PBXBuildFile; fileRef = 17DCD3EF2BC67519001A997B /* CartItem.swift */; };
		17DCD3F22BC67589001A997B /* UniqloItem.swift in Sources */ = {isa = PBXBuildFile; fileRef = 17DCD3F12BC67589001A997B /* UniqloItem.swift */; };
		17FC49952BB135B400A84FCE /* AppDelegate.swift in Sources */ = {isa = PBXBuildFile; fileRef = 17FC49942BB135B400A84FCE /* AppDelegate.swift */; };
		17FC499E2BB135B600A84FCE /* Assets.xcassets in Resources */ = {isa = PBXBuildFile; fileRef = 17FC499D2BB135B600A84FCE /* Assets.xcassets */; };
		17FC49A12BB135B600A84FCE /* LaunchScreen.storyboard in Resources */ = {isa = PBXBuildFile; fileRef = 17FC499F2BB135B600A84FCE /* LaunchScreen.storyboard */; };
		17FC49B22BB1379C00A84FCE /* APIOperation.swift in Sources */ = {isa = PBXBuildFile; fileRef = 17FC49B02BB1379C00A84FCE /* APIOperation.swift */; };
		17FC49B32BB1379C00A84FCE /* APIOperationProtocol.swift in Sources */ = {isa = PBXBuildFile; fileRef = 17FC49B12BB1379C00A84FCE /* APIOperationProtocol.swift */; };
		17FC49B82BB137A400A84FCE /* APIRequest.swift in Sources */ = {isa = PBXBuildFile; fileRef = 17FC49B42BB137A400A84FCE /* APIRequest.swift */; };
		17FC49B92BB137A400A84FCE /* APIResponse.swift in Sources */ = {isa = PBXBuildFile; fileRef = 17FC49B52BB137A400A84FCE /* APIResponse.swift */; };
		17FC49BA2BB137A400A84FCE /* APIConfiguration.swift in Sources */ = {isa = PBXBuildFile; fileRef = 17FC49B62BB137A400A84FCE /* APIConfiguration.swift */; };
		17FC49BB2BB137A400A84FCE /* APIError.swift in Sources */ = {isa = PBXBuildFile; fileRef = 17FC49B72BB137A400A84FCE /* APIError.swift */; };
		17FC49BE2BB137AB00A84FCE /* APIDispatcherProtocol.swift in Sources */ = {isa = PBXBuildFile; fileRef = 17FC49BC2BB137AB00A84FCE /* APIDispatcherProtocol.swift */; };
		17FC49BF2BB137AB00A84FCE /* APIDispatcher.swift in Sources */ = {isa = PBXBuildFile; fileRef = 17FC49BD2BB137AB00A84FCE /* APIDispatcher.swift */; };
		17FC49C22BB137B200A84FCE /* APIEnviromentProtocol.swift in Sources */ = {isa = PBXBuildFile; fileRef = 17FC49C02BB137B200A84FCE /* APIEnviromentProtocol.swift */; };
		17FC49C32BB137B200A84FCE /* APIMainEnviroment.swift in Sources */ = {isa = PBXBuildFile; fileRef = 17FC49C12BB137B200A84FCE /* APIMainEnviroment.swift */; };
		17FC49C72BB137B900A84FCE /* APIExtension.swift in Sources */ = {isa = PBXBuildFile; fileRef = 17FC49C42BB137B900A84FCE /* APIExtension.swift */; };
		17FC49C82BB137B900A84FCE /* APIProcessingManager.swift in Sources */ = {isa = PBXBuildFile; fileRef = 17FC49C52BB137B900A84FCE /* APIProcessingManager.swift */; };
		17FC49C92BB137B900A84FCE /* APIUtilities.swift in Sources */ = {isa = PBXBuildFile; fileRef = 17FC49C62BB137B900A84FCE /* APIUtilities.swift */; };
		17FC49CC2BB137C000A84FCE /* APIUIAlert.swift in Sources */ = {isa = PBXBuildFile; fileRef = 17FC49CA2BB137C000A84FCE /* APIUIAlert.swift */; };
		17FC49CD2BB137C000A84FCE /* APIUIIndicator.swift in Sources */ = {isa = PBXBuildFile; fileRef = 17FC49CB2BB137C000A84FCE /* APIUIIndicator.swift */; };
		17FC49D22BB138C200A84FCE /* LoadingIndicatorView.swift in Sources */ = {isa = PBXBuildFile; fileRef = 17FC49D02BB138C200A84FCE /* LoadingIndicatorView.swift */; };
		17FC49D32BB138C200A84FCE /* LoadingIndicatorView.xib in Resources */ = {isa = PBXBuildFile; fileRef = 17FC49D12BB138C200A84FCE /* LoadingIndicatorView.xib */; };
		17FC49EB2BB13A1600A84FCE /* URL+Extension.swift in Sources */ = {isa = PBXBuildFile; fileRef = 17FC49D82BB13A1600A84FCE /* URL+Extension.swift */; };
		17FC49EC2BB13A1600A84FCE /* Int+Extension.swift in Sources */ = {isa = PBXBuildFile; fileRef = 17FC49D92BB13A1600A84FCE /* Int+Extension.swift */; };
		17FC49ED2BB13A1600A84FCE /* Bundle+Extension.swift in Sources */ = {isa = PBXBuildFile; fileRef = 17FC49DA2BB13A1600A84FCE /* Bundle+Extension.swift */; };
		17FC49EE2BB13A1600A84FCE /* Collection+Extension.swift in Sources */ = {isa = PBXBuildFile; fileRef = 17FC49DB2BB13A1600A84FCE /* Collection+Extension.swift */; };
		17FC49EF2BB13A1600A84FCE /* Throttler.swift in Sources */ = {isa = PBXBuildFile; fileRef = 17FC49DC2BB13A1600A84FCE /* Throttler.swift */; };
		17FC49F02BB13A1600A84FCE /* UIColor+Extension.swift in Sources */ = {isa = PBXBuildFile; fileRef = 17FC49DD2BB13A1600A84FCE /* UIColor+Extension.swift */; };
		17FC49F12BB13A1600A84FCE /* String+Extension.swift in Sources */ = {isa = PBXBuildFile; fileRef = 17FC49DE2BB13A1600A84FCE /* String+Extension.swift */; };
		17FC49F22BB13A1600A84FCE /* UIImage+Extension.swift in Sources */ = {isa = PBXBuildFile; fileRef = 17FC49DF2BB13A1600A84FCE /* UIImage+Extension.swift */; };
		17FC49F32BB13A1600A84FCE /* UIImageView+Extension.swift in Sources */ = {isa = PBXBuildFile; fileRef = 17FC49E02BB13A1600A84FCE /* UIImageView+Extension.swift */; };
		17FC49F42BB13A1600A84FCE /* UICollectionReusableView+Extension.swift in Sources */ = {isa = PBXBuildFile; fileRef = 17FC49E12BB13A1600A84FCE /* UICollectionReusableView+Extension.swift */; };
		17FC49F52BB13A1600A84FCE /* UICollectionView+Extension.swift in Sources */ = {isa = PBXBuildFile; fileRef = 17FC49E22BB13A1600A84FCE /* UICollectionView+Extension.swift */; };
		17FC49F62BB13A1600A84FCE /* UILabel+Extension.swift in Sources */ = {isa = PBXBuildFile; fileRef = 17FC49E32BB13A1600A84FCE /* UILabel+Extension.swift */; };
		17FC49F72BB13A1600A84FCE /* UIView+Extension.swift in Sources */ = {isa = PBXBuildFile; fileRef = 17FC49E42BB13A1600A84FCE /* UIView+Extension.swift */; };
		17FC49F82BB13A1600A84FCE /* Date+Extension .swift in Sources */ = {isa = PBXBuildFile; fileRef = 17FC49E52BB13A1600A84FCE /* Date+Extension .swift */; };
		17FC49F92BB13A1600A84FCE /* UIViewController+Extension.swift in Sources */ = {isa = PBXBuildFile; fileRef = 17FC49E62BB13A1600A84FCE /* UIViewController+Extension.swift */; };
		17FC49FA2BB13A1600A84FCE /* CGFloat+Extension.swift in Sources */ = {isa = PBXBuildFile; fileRef = 17FC49E72BB13A1600A84FCE /* CGFloat+Extension.swift */; };
		17FC49FB2BB13A1600A84FCE /* PHAsset+Extension.swift in Sources */ = {isa = PBXBuildFile; fileRef = 17FC49E82BB13A1600A84FCE /* PHAsset+Extension.swift */; };
		17FC49FC2BB13A1600A84FCE /* UIApplication+Extension.swift in Sources */ = {isa = PBXBuildFile; fileRef = 17FC49E92BB13A1600A84FCE /* UIApplication+Extension.swift */; };
		17FC49FD2BB13A1600A84FCE /* UITableView+Extension.swift in Sources */ = {isa = PBXBuildFile; fileRef = 17FC49EA2BB13A1600A84FCE /* UITableView+Extension.swift */; };
		1BC6A2E12C0CA22F009AB53D /* OrderListVC.swift in Sources */ = {isa = PBXBuildFile; fileRef = 1BC6A2DF2C0CA22F009AB53D /* OrderListVC.swift */; };
		1BC6A2E22C0CA22F009AB53D /* OrderListVC.xib in Resources */ = {isa = PBXBuildFile; fileRef = 1BC6A2E02C0CA22F009AB53D /* OrderListVC.xib */; };
		1BC6A2E52C0CA318009AB53D /* OrderCell.swift in Sources */ = {isa = PBXBuildFile; fileRef = 1BC6A2E32C0CA318009AB53D /* OrderCell.swift */; };
		1BC6A2E62C0CA318009AB53D /* OrderCell.xib in Resources */ = {isa = PBXBuildFile; fileRef = 1BC6A2E42C0CA318009AB53D /* OrderCell.xib */; };
		1BE57B462C0B8D7B00C86592 /* SendReviewAPI.swift in Sources */ = {isa = PBXBuildFile; fileRef = 1BE57B452C0B8D7B00C86592 /* SendReviewAPI.swift */; };
		1BEF93BD2C08CE15008FA898 /* ProductDetailAPI.swift in Sources */ = {isa = PBXBuildFile; fileRef = 1BEF93BC2C08CE15008FA898 /* ProductDetailAPI.swift */; };
		1BEF93C02C08E4CF008FA898 /* BottomSheetVC.swift in Sources */ = {isa = PBXBuildFile; fileRef = 1BEF93BE2C08E4CF008FA898 /* BottomSheetVC.swift */; };
		1BEF93C12C08E4CF008FA898 /* BottomSheetVC.xib in Resources */ = {isa = PBXBuildFile; fileRef = 1BEF93BF2C08E4CF008FA898 /* BottomSheetVC.xib */; };
		1BEF93C42C08E80B008FA898 /* VariationCell.swift in Sources */ = {isa = PBXBuildFile; fileRef = 1BEF93C22C08E80B008FA898 /* VariationCell.swift */; };
		1BEF93C52C08E80B008FA898 /* VariationCell.xib in Resources */ = {isa = PBXBuildFile; fileRef = 1BEF93C32C08E80B008FA898 /* VariationCell.xib */; };
		3E0953852C08CA2500B9061A /* GetCartItemAPI.swift in Sources */ = {isa = PBXBuildFile; fileRef = 3E0953842C08CA2500B9061A /* GetCartItemAPI.swift */; };
		3E0953872C08D83D00B9061A /* AddItemToCartAPI.swift in Sources */ = {isa = PBXBuildFile; fileRef = 3E0953862C08D83D00B9061A /* AddItemToCartAPI.swift */; };
		3E5044872C0B21AE00A41243 /* DeleteCartItemAPI.swift in Sources */ = {isa = PBXBuildFile; fileRef = 3E5044862C0B21AE00A41243 /* DeleteCartItemAPI.swift */; };
		3E50448A2C0B836F00A41243 /* ShippingInfoVC.xib in Resources */ = {isa = PBXBuildFile; fileRef = 3E5044892C0B836F00A41243 /* ShippingInfoVC.xib */; };
		3E50448B2C0B836F00A41243 /* ShippingInfoVC.swift in Sources */ = {isa = PBXBuildFile; fileRef = 3E5044882C0B836F00A41243 /* ShippingInfoVC.swift */; };
		3E50448D2C0B8ACC00A41243 /* PostOrderAPI.swift in Sources */ = {isa = PBXBuildFile; fileRef = 3E50448C2C0B8ACC00A41243 /* PostOrderAPI.swift */; };
		3E9A0A9A2C0C4EFC00F35534 /* DetailRecommendItemsAPI.swift in Sources */ = {isa = PBXBuildFile; fileRef = 3E9A0A992C0C4EFC00F35534 /* DetailRecommendItemsAPI.swift */; };
		3EAC467B2C1428F200E38DF5 /* ProfileRecommendItemsAPI.swift in Sources */ = {isa = PBXBuildFile; fileRef = 3EAC467A2C1428F200E38DF5 /* ProfileRecommendItemsAPI.swift */; };
		3ECD98C22C07801E00976B3F /* LoginAPI.swift in Sources */ = {isa = PBXBuildFile; fileRef = 3ECD98C12C07801E00976B3F /* LoginAPI.swift */; };
		3ECD98C42C07803700976B3F /* RegisterAPI.swift in Sources */ = {isa = PBXBuildFile; fileRef = 3ECD98C32C07803700976B3F /* RegisterAPI.swift */; };
		670221162BB2B468008CFF8E /* MainVC.swift in Sources */ = {isa = PBXBuildFile; fileRef = 670221142BB2B468008CFF8E /* MainVC.swift */; };
		670221172BB2B468008CFF8E /* MainVC.xib in Resources */ = {isa = PBXBuildFile; fileRef = 670221152BB2B468008CFF8E /* MainVC.xib */; };
		6702211A2BB2BAD9008CFF8E /* ProfileVC.swift in Sources */ = {isa = PBXBuildFile; fileRef = 670221182BB2BAD9008CFF8E /* ProfileVC.swift */; };
		6702211B2BB2BAD9008CFF8E /* ProfileVC.xib in Resources */ = {isa = PBXBuildFile; fileRef = 670221192BB2BAD9008CFF8E /* ProfileVC.xib */; };
		6702211E2BB2BAEF008CFF8E /* CartVC.swift in Sources */ = {isa = PBXBuildFile; fileRef = 6702211C2BB2BAEF008CFF8E /* CartVC.swift */; };
		6702211F2BB2BAEF008CFF8E /* CartVC.xib in Resources */ = {isa = PBXBuildFile; fileRef = 6702211D2BB2BAEF008CFF8E /* CartVC.xib */; };
		670221222BB2BBB5008CFF8E /* HomeVC.swift in Sources */ = {isa = PBXBuildFile; fileRef = 670221202BB2BBB5008CFF8E /* HomeVC.swift */; };
		670221232BB2BBB5008CFF8E /* HomeVC.xib in Resources */ = {isa = PBXBuildFile; fileRef = 670221212BB2BBB5008CFF8E /* HomeVC.xib */; };
		670221272BB2CB42008CFF8E /* ItemCell.swift in Sources */ = {isa = PBXBuildFile; fileRef = 670221252BB2CB42008CFF8E /* ItemCell.swift */; };
		670221282BB2CB42008CFF8E /* ItemCell.xib in Resources */ = {isa = PBXBuildFile; fileRef = 670221262BB2CB42008CFF8E /* ItemCell.xib */; };
		675C4D7D2C08881500B8E3A1 /* SharedData.swift in Sources */ = {isa = PBXBuildFile; fileRef = 675C4D7C2C08881500B8E3A1 /* SharedData.swift */; };
		67FCD6482BB156320080DA2B /* RegisterVC.swift in Sources */ = {isa = PBXBuildFile; fileRef = 67FCD6462BB156320080DA2B /* RegisterVC.swift */; };
		67FCD6492BB156320080DA2B /* RegisterVC.xib in Resources */ = {isa = PBXBuildFile; fileRef = 67FCD6472BB156320080DA2B /* RegisterVC.xib */; };
		67FCD64C2BB1577C0080DA2B /* LoginVC.swift in Sources */ = {isa = PBXBuildFile; fileRef = 67FCD64A2BB1577C0080DA2B /* LoginVC.swift */; };
		67FCD64D2BB1577C0080DA2B /* LoginVC.xib in Resources */ = {isa = PBXBuildFile; fileRef = 67FCD64B2BB1577C0080DA2B /* LoginVC.xib */; };
/* End PBXBuildFile section */

/* Begin PBXFileReference section */
		03C19072E9C47BFAE98DA8C1 /* Pods-UniqloApp.debug.xcconfig */ = {isa = PBXFileReference; includeInIndex = 1; lastKnownFileType = text.xcconfig; name = "Pods-UniqloApp.debug.xcconfig"; path = "Target Support Files/Pods-UniqloApp/Pods-UniqloApp.debug.xcconfig"; sourceTree = "<group>"; };
		174118C22BC53BA300B04CCE /* CheckOutItemCell.swift */ = {isa = PBXFileReference; lastKnownFileType = sourcecode.swift; path = CheckOutItemCell.swift; sourceTree = "<group>"; };
		174118C32BC53BA300B04CCE /* CheckOutItemCell.xib */ = {isa = PBXFileReference; lastKnownFileType = file.xib; path = CheckOutItemCell.xib; sourceTree = "<group>"; };
		1759D98A2BBC041600E4FE60 /* TT Commons DemiBold.otf */ = {isa = PBXFileReference; lastKnownFileType = file; path = "TT Commons DemiBold.otf"; sourceTree = "<group>"; };
		1759D98B2BBC041600E4FE60 /* TT Commons Thin Italic.otf */ = {isa = PBXFileReference; lastKnownFileType = file; path = "TT Commons Thin Italic.otf"; sourceTree = "<group>"; };
		1759D98C2BBC041600E4FE60 /* TT Commons ExtraBold Italic.otf */ = {isa = PBXFileReference; lastKnownFileType = file; path = "TT Commons ExtraBold Italic.otf"; sourceTree = "<group>"; };
		1759D98D2BBC041600E4FE60 /* TT Commons Light.otf */ = {isa = PBXFileReference; lastKnownFileType = file; path = "TT Commons Light.otf"; sourceTree = "<group>"; };
		1759D98E2BBC041600E4FE60 /* TT Commons Thin.otf */ = {isa = PBXFileReference; lastKnownFileType = file; path = "TT Commons Thin.otf"; sourceTree = "<group>"; };
		1759D98F2BBC041600E4FE60 /* TT Commons Black Italic.otf */ = {isa = PBXFileReference; lastKnownFileType = file; path = "TT Commons Black Italic.otf"; sourceTree = "<group>"; };
		1759D9902BBC041600E4FE60 /* TT Commons ExtraBold.otf */ = {isa = PBXFileReference; lastKnownFileType = file; path = "TT Commons ExtraBold.otf"; sourceTree = "<group>"; };
		1759D9912BBC041600E4FE60 /* TT Commons Light Italic.otf */ = {isa = PBXFileReference; lastKnownFileType = file; path = "TT Commons Light Italic.otf"; sourceTree = "<group>"; };
		1759D9922BBC041600E4FE60 /* TT Commons ExtraLight Italic.otf */ = {isa = PBXFileReference; lastKnownFileType = file; path = "TT Commons ExtraLight Italic.otf"; sourceTree = "<group>"; };
		1759D9932BBC041600E4FE60 /* TT Commons Italic.otf */ = {isa = PBXFileReference; lastKnownFileType = file; path = "TT Commons Italic.otf"; sourceTree = "<group>"; };
		1759D9942BBC041600E4FE60 /* TT Commons Medium.otf */ = {isa = PBXFileReference; lastKnownFileType = file; path = "TT Commons Medium.otf"; sourceTree = "<group>"; };
		1759D9952BBC041600E4FE60 /* TT Commons Regular.otf */ = {isa = PBXFileReference; lastKnownFileType = file; path = "TT Commons Regular.otf"; sourceTree = "<group>"; };
		1759D9962BBC041600E4FE60 /* TT Commons Bold.otf */ = {isa = PBXFileReference; lastKnownFileType = file; path = "TT Commons Bold.otf"; sourceTree = "<group>"; };
		1759D9972BBC041600E4FE60 /* TT Commons Black.otf */ = {isa = PBXFileReference; lastKnownFileType = file; path = "TT Commons Black.otf"; sourceTree = "<group>"; };
		1759D9982BBC041600E4FE60 /* TT Commons Bold Italic.otf */ = {isa = PBXFileReference; lastKnownFileType = file; path = "TT Commons Bold Italic.otf"; sourceTree = "<group>"; };
		1759D9992BBC041600E4FE60 /* TT Commons Medium Italic.otf */ = {isa = PBXFileReference; lastKnownFileType = file; path = "TT Commons Medium Italic.otf"; sourceTree = "<group>"; };
		1759D99A2BBC041600E4FE60 /* TT Commons DemiBold Italic.otf */ = {isa = PBXFileReference; lastKnownFileType = file; path = "TT Commons DemiBold Italic.otf"; sourceTree = "<group>"; };
		1759D99B2BBC041600E4FE60 /* TT Commons ExtraLight.otf */ = {isa = PBXFileReference; lastKnownFileType = file; path = "TT Commons ExtraLight.otf"; sourceTree = "<group>"; };
		1759D9AE2BBC092800E4FE60 /* CategoryVC.swift */ = {isa = PBXFileReference; lastKnownFileType = sourcecode.swift; path = CategoryVC.swift; sourceTree = "<group>"; };
		1759D9AF2BBC092800E4FE60 /* CategoryVC.xib */ = {isa = PBXFileReference; lastKnownFileType = file.xib; path = CategoryVC.xib; sourceTree = "<group>"; };
		1759D9B32BBC15FB00E4FE60 /* CategoryCollectionViewCell.swift */ = {isa = PBXFileReference; lastKnownFileType = sourcecode.swift; path = CategoryCollectionViewCell.swift; sourceTree = "<group>"; };
		1759D9B42BBC15FB00E4FE60 /* CategoryCollectionViewCell.xib */ = {isa = PBXFileReference; lastKnownFileType = file.xib; path = CategoryCollectionViewCell.xib; sourceTree = "<group>"; };
		1759D9B72BBC165E00E4FE60 /* CategoryCell.swift */ = {isa = PBXFileReference; lastKnownFileType = sourcecode.swift; path = CategoryCell.swift; sourceTree = "<group>"; };
		1759D9B82BBC165E00E4FE60 /* CategoryCell.xib */ = {isa = PBXFileReference; lastKnownFileType = file.xib; path = CategoryCell.xib; sourceTree = "<group>"; };
		17BB88662BC3D86500CAA43F /* ListItemVC.swift */ = {isa = PBXFileReference; lastKnownFileType = sourcecode.swift; path = ListItemVC.swift; sourceTree = "<group>"; };
		17BB88672BC3D86500CAA43F /* ListItemVC.xib */ = {isa = PBXFileReference; lastKnownFileType = file.xib; path = ListItemVC.xib; sourceTree = "<group>"; };
		17BB886A2BC3DBC500CAA43F /* UniqloItemCell.swift */ = {isa = PBXFileReference; lastKnownFileType = sourcecode.swift; path = UniqloItemCell.swift; sourceTree = "<group>"; };
		17BB886B2BC3DBC500CAA43F /* UniqloItemCell.xib */ = {isa = PBXFileReference; lastKnownFileType = file.xib; path = UniqloItemCell.xib; sourceTree = "<group>"; };
		17BB886E2BC3E20800CAA43F /* BaseVC.swift */ = {isa = PBXFileReference; lastKnownFileType = sourcecode.swift; path = BaseVC.swift; sourceTree = "<group>"; };
		17BB88712BC3E5C200CAA43F /* ItemDetailVC.swift */ = {isa = PBXFileReference; lastKnownFileType = sourcecode.swift; path = ItemDetailVC.swift; sourceTree = "<group>"; };
		17BB88722BC3E5C200CAA43F /* ItemDetailVC.xib */ = {isa = PBXFileReference; lastKnownFileType = file.xib; path = ItemDetailVC.xib; sourceTree = "<group>"; };
		17BB88752BC3F45E00CAA43F /* ItemImageCell.swift */ = {isa = PBXFileReference; lastKnownFileType = sourcecode.swift; path = ItemImageCell.swift; sourceTree = "<group>"; };
		17BB88762BC3F45E00CAA43F /* ItemImageCell.xib */ = {isa = PBXFileReference; lastKnownFileType = file.xib; path = ItemImageCell.xib; sourceTree = "<group>"; };
		17D13C902C06C923004458B7 /* CategoryListAPI.swift */ = {isa = PBXFileReference; lastKnownFileType = sourcecode.swift; path = CategoryListAPI.swift; sourceTree = "<group>"; };
		17DCD3EF2BC67519001A997B /* CartItem.swift */ = {isa = PBXFileReference; lastKnownFileType = sourcecode.swift; path = CartItem.swift; sourceTree = "<group>"; };
		17DCD3F12BC67589001A997B /* UniqloItem.swift */ = {isa = PBXFileReference; lastKnownFileType = sourcecode.swift; path = UniqloItem.swift; sourceTree = "<group>"; };
		17FC49912BB135B400A84FCE /* UniqloApp.app */ = {isa = PBXFileReference; explicitFileType = wrapper.application; includeInIndex = 0; path = UniqloApp.app; sourceTree = BUILT_PRODUCTS_DIR; };
		17FC49942BB135B400A84FCE /* AppDelegate.swift */ = {isa = PBXFileReference; lastKnownFileType = sourcecode.swift; path = AppDelegate.swift; sourceTree = "<group>"; };
		17FC499D2BB135B600A84FCE /* Assets.xcassets */ = {isa = PBXFileReference; lastKnownFileType = folder.assetcatalog; path = Assets.xcassets; sourceTree = "<group>"; };
		17FC49A02BB135B600A84FCE /* Base */ = {isa = PBXFileReference; lastKnownFileType = file.storyboard; name = Base; path = Base.lproj/LaunchScreen.storyboard; sourceTree = "<group>"; };
		17FC49A22BB135B600A84FCE /* Info.plist */ = {isa = PBXFileReference; lastKnownFileType = text.plist.xml; path = Info.plist; sourceTree = "<group>"; };
		17FC49B02BB1379C00A84FCE /* APIOperation.swift */ = {isa = PBXFileReference; fileEncoding = 4; lastKnownFileType = sourcecode.swift; path = APIOperation.swift; sourceTree = "<group>"; };
		17FC49B12BB1379C00A84FCE /* APIOperationProtocol.swift */ = {isa = PBXFileReference; fileEncoding = 4; lastKnownFileType = sourcecode.swift; path = APIOperationProtocol.swift; sourceTree = "<group>"; };
		17FC49B42BB137A400A84FCE /* APIRequest.swift */ = {isa = PBXFileReference; fileEncoding = 4; lastKnownFileType = sourcecode.swift; path = APIRequest.swift; sourceTree = "<group>"; };
		17FC49B52BB137A400A84FCE /* APIResponse.swift */ = {isa = PBXFileReference; fileEncoding = 4; lastKnownFileType = sourcecode.swift; path = APIResponse.swift; sourceTree = "<group>"; };
		17FC49B62BB137A400A84FCE /* APIConfiguration.swift */ = {isa = PBXFileReference; fileEncoding = 4; lastKnownFileType = sourcecode.swift; path = APIConfiguration.swift; sourceTree = "<group>"; };
		17FC49B72BB137A400A84FCE /* APIError.swift */ = {isa = PBXFileReference; fileEncoding = 4; lastKnownFileType = sourcecode.swift; path = APIError.swift; sourceTree = "<group>"; };
		17FC49BC2BB137AB00A84FCE /* APIDispatcherProtocol.swift */ = {isa = PBXFileReference; fileEncoding = 4; lastKnownFileType = sourcecode.swift; path = APIDispatcherProtocol.swift; sourceTree = "<group>"; };
		17FC49BD2BB137AB00A84FCE /* APIDispatcher.swift */ = {isa = PBXFileReference; fileEncoding = 4; lastKnownFileType = sourcecode.swift; path = APIDispatcher.swift; sourceTree = "<group>"; };
		17FC49C02BB137B200A84FCE /* APIEnviromentProtocol.swift */ = {isa = PBXFileReference; fileEncoding = 4; lastKnownFileType = sourcecode.swift; path = APIEnviromentProtocol.swift; sourceTree = "<group>"; };
		17FC49C12BB137B200A84FCE /* APIMainEnviroment.swift */ = {isa = PBXFileReference; fileEncoding = 4; lastKnownFileType = sourcecode.swift; path = APIMainEnviroment.swift; sourceTree = "<group>"; };
		17FC49C42BB137B900A84FCE /* APIExtension.swift */ = {isa = PBXFileReference; fileEncoding = 4; lastKnownFileType = sourcecode.swift; path = APIExtension.swift; sourceTree = "<group>"; };
		17FC49C52BB137B900A84FCE /* APIProcessingManager.swift */ = {isa = PBXFileReference; fileEncoding = 4; lastKnownFileType = sourcecode.swift; path = APIProcessingManager.swift; sourceTree = "<group>"; };
		17FC49C62BB137B900A84FCE /* APIUtilities.swift */ = {isa = PBXFileReference; fileEncoding = 4; lastKnownFileType = sourcecode.swift; path = APIUtilities.swift; sourceTree = "<group>"; };
		17FC49CA2BB137C000A84FCE /* APIUIAlert.swift */ = {isa = PBXFileReference; fileEncoding = 4; lastKnownFileType = sourcecode.swift; path = APIUIAlert.swift; sourceTree = "<group>"; };
		17FC49CB2BB137C000A84FCE /* APIUIIndicator.swift */ = {isa = PBXFileReference; fileEncoding = 4; lastKnownFileType = sourcecode.swift; path = APIUIIndicator.swift; sourceTree = "<group>"; };
		17FC49D02BB138C200A84FCE /* LoadingIndicatorView.swift */ = {isa = PBXFileReference; fileEncoding = 4; lastKnownFileType = sourcecode.swift; path = LoadingIndicatorView.swift; sourceTree = "<group>"; };
		17FC49D12BB138C200A84FCE /* LoadingIndicatorView.xib */ = {isa = PBXFileReference; fileEncoding = 4; lastKnownFileType = file.xib; path = LoadingIndicatorView.xib; sourceTree = "<group>"; };
		17FC49D82BB13A1600A84FCE /* URL+Extension.swift */ = {isa = PBXFileReference; fileEncoding = 4; lastKnownFileType = sourcecode.swift; path = "URL+Extension.swift"; sourceTree = "<group>"; };
		17FC49D92BB13A1600A84FCE /* Int+Extension.swift */ = {isa = PBXFileReference; fileEncoding = 4; lastKnownFileType = sourcecode.swift; path = "Int+Extension.swift"; sourceTree = "<group>"; };
		17FC49DA2BB13A1600A84FCE /* Bundle+Extension.swift */ = {isa = PBXFileReference; fileEncoding = 4; lastKnownFileType = sourcecode.swift; path = "Bundle+Extension.swift"; sourceTree = "<group>"; };
		17FC49DB2BB13A1600A84FCE /* Collection+Extension.swift */ = {isa = PBXFileReference; fileEncoding = 4; lastKnownFileType = sourcecode.swift; path = "Collection+Extension.swift"; sourceTree = "<group>"; };
		17FC49DC2BB13A1600A84FCE /* Throttler.swift */ = {isa = PBXFileReference; fileEncoding = 4; lastKnownFileType = sourcecode.swift; path = Throttler.swift; sourceTree = "<group>"; };
		17FC49DD2BB13A1600A84FCE /* UIColor+Extension.swift */ = {isa = PBXFileReference; fileEncoding = 4; lastKnownFileType = sourcecode.swift; path = "UIColor+Extension.swift"; sourceTree = "<group>"; };
		17FC49DE2BB13A1600A84FCE /* String+Extension.swift */ = {isa = PBXFileReference; fileEncoding = 4; lastKnownFileType = sourcecode.swift; path = "String+Extension.swift"; sourceTree = "<group>"; };
		17FC49DF2BB13A1600A84FCE /* UIImage+Extension.swift */ = {isa = PBXFileReference; fileEncoding = 4; lastKnownFileType = sourcecode.swift; path = "UIImage+Extension.swift"; sourceTree = "<group>"; };
		17FC49E02BB13A1600A84FCE /* UIImageView+Extension.swift */ = {isa = PBXFileReference; fileEncoding = 4; lastKnownFileType = sourcecode.swift; path = "UIImageView+Extension.swift"; sourceTree = "<group>"; };
		17FC49E12BB13A1600A84FCE /* UICollectionReusableView+Extension.swift */ = {isa = PBXFileReference; fileEncoding = 4; lastKnownFileType = sourcecode.swift; path = "UICollectionReusableView+Extension.swift"; sourceTree = "<group>"; };
		17FC49E22BB13A1600A84FCE /* UICollectionView+Extension.swift */ = {isa = PBXFileReference; fileEncoding = 4; lastKnownFileType = sourcecode.swift; path = "UICollectionView+Extension.swift"; sourceTree = "<group>"; };
		17FC49E32BB13A1600A84FCE /* UILabel+Extension.swift */ = {isa = PBXFileReference; fileEncoding = 4; lastKnownFileType = sourcecode.swift; path = "UILabel+Extension.swift"; sourceTree = "<group>"; };
		17FC49E42BB13A1600A84FCE /* UIView+Extension.swift */ = {isa = PBXFileReference; fileEncoding = 4; lastKnownFileType = sourcecode.swift; path = "UIView+Extension.swift"; sourceTree = "<group>"; };
		17FC49E52BB13A1600A84FCE /* Date+Extension .swift */ = {isa = PBXFileReference; fileEncoding = 4; lastKnownFileType = sourcecode.swift; path = "Date+Extension .swift"; sourceTree = "<group>"; };
		17FC49E62BB13A1600A84FCE /* UIViewController+Extension.swift */ = {isa = PBXFileReference; fileEncoding = 4; lastKnownFileType = sourcecode.swift; path = "UIViewController+Extension.swift"; sourceTree = "<group>"; };
		17FC49E72BB13A1600A84FCE /* CGFloat+Extension.swift */ = {isa = PBXFileReference; fileEncoding = 4; lastKnownFileType = sourcecode.swift; path = "CGFloat+Extension.swift"; sourceTree = "<group>"; };
		17FC49E82BB13A1600A84FCE /* PHAsset+Extension.swift */ = {isa = PBXFileReference; fileEncoding = 4; lastKnownFileType = sourcecode.swift; path = "PHAsset+Extension.swift"; sourceTree = "<group>"; };
		17FC49E92BB13A1600A84FCE /* UIApplication+Extension.swift */ = {isa = PBXFileReference; fileEncoding = 4; lastKnownFileType = sourcecode.swift; path = "UIApplication+Extension.swift"; sourceTree = "<group>"; };
		17FC49EA2BB13A1600A84FCE /* UITableView+Extension.swift */ = {isa = PBXFileReference; fileEncoding = 4; lastKnownFileType = sourcecode.swift; path = "UITableView+Extension.swift"; sourceTree = "<group>"; };
		1BC6A2DF2C0CA22F009AB53D /* OrderListVC.swift */ = {isa = PBXFileReference; lastKnownFileType = sourcecode.swift; path = OrderListVC.swift; sourceTree = "<group>"; };
		1BC6A2E02C0CA22F009AB53D /* OrderListVC.xib */ = {isa = PBXFileReference; lastKnownFileType = file.xib; path = OrderListVC.xib; sourceTree = "<group>"; };
		1BC6A2E32C0CA318009AB53D /* OrderCell.swift */ = {isa = PBXFileReference; lastKnownFileType = sourcecode.swift; path = OrderCell.swift; sourceTree = "<group>"; };
		1BC6A2E42C0CA318009AB53D /* OrderCell.xib */ = {isa = PBXFileReference; lastKnownFileType = file.xib; path = OrderCell.xib; sourceTree = "<group>"; };
		1BE57B452C0B8D7B00C86592 /* SendReviewAPI.swift */ = {isa = PBXFileReference; lastKnownFileType = sourcecode.swift; path = SendReviewAPI.swift; sourceTree = "<group>"; };
		1BEF93BC2C08CE15008FA898 /* ProductDetailAPI.swift */ = {isa = PBXFileReference; lastKnownFileType = sourcecode.swift; path = ProductDetailAPI.swift; sourceTree = "<group>"; };
		1BEF93BE2C08E4CF008FA898 /* BottomSheetVC.swift */ = {isa = PBXFileReference; lastKnownFileType = sourcecode.swift; path = BottomSheetVC.swift; sourceTree = "<group>"; };
		1BEF93BF2C08E4CF008FA898 /* BottomSheetVC.xib */ = {isa = PBXFileReference; lastKnownFileType = file.xib; path = BottomSheetVC.xib; sourceTree = "<group>"; };
		1BEF93C22C08E80B008FA898 /* VariationCell.swift */ = {isa = PBXFileReference; lastKnownFileType = sourcecode.swift; path = VariationCell.swift; sourceTree = "<group>"; };
		1BEF93C32C08E80B008FA898 /* VariationCell.xib */ = {isa = PBXFileReference; lastKnownFileType = file.xib; path = VariationCell.xib; sourceTree = "<group>"; };
		3E0953842C08CA2500B9061A /* GetCartItemAPI.swift */ = {isa = PBXFileReference; lastKnownFileType = sourcecode.swift; path = GetCartItemAPI.swift; sourceTree = "<group>"; };
		3E0953862C08D83D00B9061A /* AddItemToCartAPI.swift */ = {isa = PBXFileReference; lastKnownFileType = sourcecode.swift; path = AddItemToCartAPI.swift; sourceTree = "<group>"; };
		3E5044862C0B21AE00A41243 /* DeleteCartItemAPI.swift */ = {isa = PBXFileReference; lastKnownFileType = sourcecode.swift; path = DeleteCartItemAPI.swift; sourceTree = "<group>"; };
		3E5044882C0B836F00A41243 /* ShippingInfoVC.swift */ = {isa = PBXFileReference; lastKnownFileType = sourcecode.swift; path = ShippingInfoVC.swift; sourceTree = "<group>"; };
		3E5044892C0B836F00A41243 /* ShippingInfoVC.xib */ = {isa = PBXFileReference; lastKnownFileType = file.xib; path = ShippingInfoVC.xib; sourceTree = "<group>"; };
		3E50448C2C0B8ACC00A41243 /* PostOrderAPI.swift */ = {isa = PBXFileReference; lastKnownFileType = sourcecode.swift; path = PostOrderAPI.swift; sourceTree = "<group>"; };
		3E9A0A992C0C4EFC00F35534 /* DetailRecommendItemsAPI.swift */ = {isa = PBXFileReference; lastKnownFileType = sourcecode.swift; path = DetailRecommendItemsAPI.swift; sourceTree = "<group>"; };
		3EAC467A2C1428F200E38DF5 /* ProfileRecommendItemsAPI.swift */ = {isa = PBXFileReference; lastKnownFileType = sourcecode.swift; path = ProfileRecommendItemsAPI.swift; sourceTree = "<group>"; };
		3ECD98C12C07801E00976B3F /* LoginAPI.swift */ = {isa = PBXFileReference; lastKnownFileType = sourcecode.swift; path = LoginAPI.swift; sourceTree = "<group>"; };
		3ECD98C32C07803700976B3F /* RegisterAPI.swift */ = {isa = PBXFileReference; lastKnownFileType = sourcecode.swift; path = RegisterAPI.swift; sourceTree = "<group>"; };
		670221142BB2B468008CFF8E /* MainVC.swift */ = {isa = PBXFileReference; lastKnownFileType = sourcecode.swift; path = MainVC.swift; sourceTree = "<group>"; };
		670221152BB2B468008CFF8E /* MainVC.xib */ = {isa = PBXFileReference; lastKnownFileType = file.xib; path = MainVC.xib; sourceTree = "<group>"; };
		670221182BB2BAD9008CFF8E /* ProfileVC.swift */ = {isa = PBXFileReference; lastKnownFileType = sourcecode.swift; path = ProfileVC.swift; sourceTree = "<group>"; };
		670221192BB2BAD9008CFF8E /* ProfileVC.xib */ = {isa = PBXFileReference; lastKnownFileType = file.xib; path = ProfileVC.xib; sourceTree = "<group>"; };
		6702211C2BB2BAEF008CFF8E /* CartVC.swift */ = {isa = PBXFileReference; lastKnownFileType = sourcecode.swift; path = CartVC.swift; sourceTree = "<group>"; };
		6702211D2BB2BAEF008CFF8E /* CartVC.xib */ = {isa = PBXFileReference; lastKnownFileType = file.xib; path = CartVC.xib; sourceTree = "<group>"; };
		670221202BB2BBB5008CFF8E /* HomeVC.swift */ = {isa = PBXFileReference; lastKnownFileType = sourcecode.swift; path = HomeVC.swift; sourceTree = "<group>"; };
		670221212BB2BBB5008CFF8E /* HomeVC.xib */ = {isa = PBXFileReference; lastKnownFileType = file.xib; path = HomeVC.xib; sourceTree = "<group>"; };
		670221252BB2CB42008CFF8E /* ItemCell.swift */ = {isa = PBXFileReference; lastKnownFileType = sourcecode.swift; path = ItemCell.swift; sourceTree = "<group>"; };
		670221262BB2CB42008CFF8E /* ItemCell.xib */ = {isa = PBXFileReference; lastKnownFileType = file.xib; path = ItemCell.xib; sourceTree = "<group>"; };
		675C4D7C2C08881500B8E3A1 /* SharedData.swift */ = {isa = PBXFileReference; lastKnownFileType = sourcecode.swift; path = SharedData.swift; sourceTree = "<group>"; };
		67FCD6462BB156320080DA2B /* RegisterVC.swift */ = {isa = PBXFileReference; lastKnownFileType = sourcecode.swift; path = RegisterVC.swift; sourceTree = "<group>"; };
		67FCD6472BB156320080DA2B /* RegisterVC.xib */ = {isa = PBXFileReference; lastKnownFileType = file.xib; path = RegisterVC.xib; sourceTree = "<group>"; };
		67FCD64A2BB1577C0080DA2B /* LoginVC.swift */ = {isa = PBXFileReference; lastKnownFileType = sourcecode.swift; path = LoginVC.swift; sourceTree = "<group>"; };
		67FCD64B2BB1577C0080DA2B /* LoginVC.xib */ = {isa = PBXFileReference; lastKnownFileType = file.xib; path = LoginVC.xib; sourceTree = "<group>"; };
		A884C74DF92FE684286DE28B /* Pods_UniqloApp.framework */ = {isa = PBXFileReference; explicitFileType = wrapper.framework; includeInIndex = 0; path = Pods_UniqloApp.framework; sourceTree = BUILT_PRODUCTS_DIR; };
		C1E81EC8F46EC225F790F328 /* Pods-UniqloApp.release.xcconfig */ = {isa = PBXFileReference; includeInIndex = 1; lastKnownFileType = text.xcconfig; name = "Pods-UniqloApp.release.xcconfig"; path = "Target Support Files/Pods-UniqloApp/Pods-UniqloApp.release.xcconfig"; sourceTree = "<group>"; };
/* End PBXFileReference section */

/* Begin PBXFrameworksBuildPhase section */
		17FC498E2BB135B400A84FCE /* Frameworks */ = {
			isa = PBXFrameworksBuildPhase;
			buildActionMask = 2147483647;
			files = (
				11DC881FE0870F366EE0DC94 /* Pods_UniqloApp.framework in Frameworks */,
			);
			runOnlyForDeploymentPostprocessing = 0;
		};
/* End PBXFrameworksBuildPhase section */

/* Begin PBXGroup section */
		174118C12BC53B7F00B04CCE /* Cart */ = {
			isa = PBXGroup;
			children = (
				6702211C2BB2BAEF008CFF8E /* CartVC.swift */,
				6702211D2BB2BAEF008CFF8E /* CartVC.xib */,
				174118C22BC53BA300B04CCE /* CheckOutItemCell.swift */,
				174118C32BC53BA300B04CCE /* CheckOutItemCell.xib */,
				3E5044882C0B836F00A41243 /* ShippingInfoVC.swift */,
				3E5044892C0B836F00A41243 /* ShippingInfoVC.xib */,
			);
			path = Cart;
			sourceTree = "<group>";
		};
		1759D9892BBC03EE00E4FE60 /* Fonts */ = {
			isa = PBXGroup;
			children = (
				1759D98F2BBC041600E4FE60 /* TT Commons Black Italic.otf */,
				1759D9972BBC041600E4FE60 /* TT Commons Black.otf */,
				1759D9982BBC041600E4FE60 /* TT Commons Bold Italic.otf */,
				1759D9962BBC041600E4FE60 /* TT Commons Bold.otf */,
				1759D99A2BBC041600E4FE60 /* TT Commons DemiBold Italic.otf */,
				1759D98A2BBC041600E4FE60 /* TT Commons DemiBold.otf */,
				1759D98C2BBC041600E4FE60 /* TT Commons ExtraBold Italic.otf */,
				1759D9902BBC041600E4FE60 /* TT Commons ExtraBold.otf */,
				1759D9922BBC041600E4FE60 /* TT Commons ExtraLight Italic.otf */,
				1759D99B2BBC041600E4FE60 /* TT Commons ExtraLight.otf */,
				1759D9932BBC041600E4FE60 /* TT Commons Italic.otf */,
				1759D9912BBC041600E4FE60 /* TT Commons Light Italic.otf */,
				1759D98D2BBC041600E4FE60 /* TT Commons Light.otf */,
				1759D9992BBC041600E4FE60 /* TT Commons Medium Italic.otf */,
				1759D9942BBC041600E4FE60 /* TT Commons Medium.otf */,
				1759D9952BBC041600E4FE60 /* TT Commons Regular.otf */,
				1759D98B2BBC041600E4FE60 /* TT Commons Thin Italic.otf */,
				1759D98E2BBC041600E4FE60 /* TT Commons Thin.otf */,
			);
			path = Fonts;
			sourceTree = "<group>";
		};
		1759D9B22BBC15E000E4FE60 /* Category */ = {
			isa = PBXGroup;
			children = (
				1759D9AF2BBC092800E4FE60 /* CategoryVC.xib */,
				1759D9AE2BBC092800E4FE60 /* CategoryVC.swift */,
				1759D9B32BBC15FB00E4FE60 /* CategoryCollectionViewCell.swift */,
				1759D9B42BBC15FB00E4FE60 /* CategoryCollectionViewCell.xib */,
				1759D9B72BBC165E00E4FE60 /* CategoryCell.swift */,
				1759D9B82BBC165E00E4FE60 /* CategoryCell.xib */,
			);
			path = Category;
			sourceTree = "<group>";
		};
		17BB88702BC3E5A900CAA43F /* ItemDetail */ = {
			isa = PBXGroup;
			children = (
				17BB88712BC3E5C200CAA43F /* ItemDetailVC.swift */,
				17BB88722BC3E5C200CAA43F /* ItemDetailVC.xib */,
				17BB88752BC3F45E00CAA43F /* ItemImageCell.swift */,
				17BB88762BC3F45E00CAA43F /* ItemImageCell.xib */,
				1BEF93BE2C08E4CF008FA898 /* BottomSheetVC.swift */,
				1BEF93BF2C08E4CF008FA898 /* BottomSheetVC.xib */,
				1BEF93C22C08E80B008FA898 /* VariationCell.swift */,
				1BEF93C32C08E80B008FA898 /* VariationCell.xib */,
			);
			path = ItemDetail;
			sourceTree = "<group>";
		};
		17DCD3EE2BC6750B001A997B /* Models */ = {
			isa = PBXGroup;
			children = (
				17DCD3EF2BC67519001A997B /* CartItem.swift */,
				17DCD3F12BC67589001A997B /* UniqloItem.swift */,
				675C4D7C2C08881500B8E3A1 /* SharedData.swift */,
			);
			path = Models;
			sourceTree = "<group>";
		};
		17E7C8CD2BBD608F00C7F6B6 /* ListItem */ = {
			isa = PBXGroup;
			children = (
				17BB88662BC3D86500CAA43F /* ListItemVC.swift */,
				17BB88672BC3D86500CAA43F /* ListItemVC.xib */,
				17BB886A2BC3DBC500CAA43F /* UniqloItemCell.swift */,
				17BB886B2BC3DBC500CAA43F /* UniqloItemCell.xib */,
			);
			path = ListItem;
			sourceTree = "<group>";
		};
		17FC49882BB135B400A84FCE = {
			isa = PBXGroup;
			children = (
				17FC49932BB135B400A84FCE /* UniqloApp */,
				17FC49922BB135B400A84FCE /* Products */,
				53A3573B8009DFBD4760F7B9 /* Pods */,
				F32C865B8C5D498A44A03AA3 /* Frameworks */,
			);
			sourceTree = "<group>";
		};
		17FC49922BB135B400A84FCE /* Products */ = {
			isa = PBXGroup;
			children = (
				17FC49912BB135B400A84FCE /* UniqloApp.app */,
			);
			name = Products;
			sourceTree = "<group>";
		};
		17FC49932BB135B400A84FCE /* UniqloApp */ = {
			isa = PBXGroup;
			children = (
				17DCD3EE2BC6750B001A997B /* Models */,
				1759D9892BBC03EE00E4FE60 /* Fonts */,
				67FCD6452BB156210080DA2B /* Controllers */,
				17FC49D72BB139E500A84FCE /* Extensions */,
				17FC49D42BB139B700A84FCE /* Application */,
				17FC49CE2BB138A400A84FCE /* Views */,
				17FC49A22BB135B600A84FCE /* Info.plist */,
				17FC49A82BB1365E00A84FCE /* Networking */,
				17FC499D2BB135B600A84FCE /* Assets.xcassets */,
			);
			path = UniqloApp;
			sourceTree = "<group>";
		};
		17FC49A82BB1365E00A84FCE /* Networking */ = {
			isa = PBXGroup;
			children = (
				17FC49A92BB1367200A84FCE /* CoreNetwork */,
				3ECD98C12C07801E00976B3F /* LoginAPI.swift */,
				3ECD98C32C07803700976B3F /* RegisterAPI.swift */,
				17D13C902C06C923004458B7 /* CategoryListAPI.swift */,
				1BEF93BC2C08CE15008FA898 /* ProductDetailAPI.swift */,
				3E0953862C08D83D00B9061A /* AddItemToCartAPI.swift */,
				3E0953842C08CA2500B9061A /* GetCartItemAPI.swift */,
				3E5044862C0B21AE00A41243 /* DeleteCartItemAPI.swift */,
				3E50448C2C0B8ACC00A41243 /* PostOrderAPI.swift */,
				1BE57B452C0B8D7B00C86592 /* SendReviewAPI.swift */,
				3E9A0A992C0C4EFC00F35534 /* DetailRecommendItemsAPI.swift */,
				3EAC467A2C1428F200E38DF5 /* ProfileRecommendItemsAPI.swift */,
			);
			path = Networking;
			sourceTree = "<group>";
		};
		17FC49A92BB1367200A84FCE /* CoreNetwork */ = {
			isa = PBXGroup;
			children = (
				17FC49AF2BB1372000A84FCE /* Public */,
				17FC49AE2BB1371500A84FCE /* Support */,
				17FC49AD2BB136E400A84FCE /* Environments */,
				17FC49AC2BB136C600A84FCE /* Dispatcher */,
				17FC49AB2BB136BD00A84FCE /* Config */,
				17FC49AA2BB136AE00A84FCE /* Operation */,
			);
			path = CoreNetwork;
			sourceTree = "<group>";
		};
		17FC49AA2BB136AE00A84FCE /* Operation */ = {
			isa = PBXGroup;
			children = (
				17FC49B02BB1379C00A84FCE /* APIOperation.swift */,
				17FC49B12BB1379C00A84FCE /* APIOperationProtocol.swift */,
			);
			path = Operation;
			sourceTree = "<group>";
		};
		17FC49AB2BB136BD00A84FCE /* Config */ = {
			isa = PBXGroup;
			children = (
				17FC49B62BB137A400A84FCE /* APIConfiguration.swift */,
				17FC49B72BB137A400A84FCE /* APIError.swift */,
				17FC49B42BB137A400A84FCE /* APIRequest.swift */,
				17FC49B52BB137A400A84FCE /* APIResponse.swift */,
			);
			path = Config;
			sourceTree = "<group>";
		};
		17FC49AC2BB136C600A84FCE /* Dispatcher */ = {
			isa = PBXGroup;
			children = (
				17FC49BD2BB137AB00A84FCE /* APIDispatcher.swift */,
				17FC49BC2BB137AB00A84FCE /* APIDispatcherProtocol.swift */,
			);
			path = Dispatcher;
			sourceTree = "<group>";
		};
		17FC49AD2BB136E400A84FCE /* Environments */ = {
			isa = PBXGroup;
			children = (
				17FC49C02BB137B200A84FCE /* APIEnviromentProtocol.swift */,
				17FC49C12BB137B200A84FCE /* APIMainEnviroment.swift */,
			);
			path = Environments;
			sourceTree = "<group>";
		};
		17FC49AE2BB1371500A84FCE /* Support */ = {
			isa = PBXGroup;
			children = (
				17FC49C42BB137B900A84FCE /* APIExtension.swift */,
				17FC49C52BB137B900A84FCE /* APIProcessingManager.swift */,
				17FC49C62BB137B900A84FCE /* APIUtilities.swift */,
			);
			path = Support;
			sourceTree = "<group>";
		};
		17FC49AF2BB1372000A84FCE /* Public */ = {
			isa = PBXGroup;
			children = (
				17FC49CA2BB137C000A84FCE /* APIUIAlert.swift */,
				17FC49CB2BB137C000A84FCE /* APIUIIndicator.swift */,
			);
			path = Public;
			sourceTree = "<group>";
		};
		17FC49CE2BB138A400A84FCE /* Views */ = {
			isa = PBXGroup;
			children = (
				17FC49CF2BB138AA00A84FCE /* LoadingIndicatorView */,
			);
			path = Views;
			sourceTree = "<group>";
		};
		17FC49CF2BB138AA00A84FCE /* LoadingIndicatorView */ = {
			isa = PBXGroup;
			children = (
				17FC49D02BB138C200A84FCE /* LoadingIndicatorView.swift */,
				17FC49D12BB138C200A84FCE /* LoadingIndicatorView.xib */,
			);
			path = LoadingIndicatorView;
			sourceTree = "<group>";
		};
		17FC49D42BB139B700A84FCE /* Application */ = {
			isa = PBXGroup;
			children = (
				17FC49942BB135B400A84FCE /* AppDelegate.swift */,
				17FC499F2BB135B600A84FCE /* LaunchScreen.storyboard */,
			);
			path = Application;
			sourceTree = "<group>";
		};
		17FC49D72BB139E500A84FCE /* Extensions */ = {
			isa = PBXGroup;
			children = (
				17FC49DA2BB13A1600A84FCE /* Bundle+Extension.swift */,
				17FC49E72BB13A1600A84FCE /* CGFloat+Extension.swift */,
				17FC49DB2BB13A1600A84FCE /* Collection+Extension.swift */,
				17FC49E52BB13A1600A84FCE /* Date+Extension .swift */,
				17FC49D92BB13A1600A84FCE /* Int+Extension.swift */,
				17FC49E82BB13A1600A84FCE /* PHAsset+Extension.swift */,
				17FC49DE2BB13A1600A84FCE /* String+Extension.swift */,
				17FC49DC2BB13A1600A84FCE /* Throttler.swift */,
				17FC49E92BB13A1600A84FCE /* UIApplication+Extension.swift */,
				17FC49E12BB13A1600A84FCE /* UICollectionReusableView+Extension.swift */,
				17FC49E22BB13A1600A84FCE /* UICollectionView+Extension.swift */,
				17FC49DD2BB13A1600A84FCE /* UIColor+Extension.swift */,
				17FC49DF2BB13A1600A84FCE /* UIImage+Extension.swift */,
				17FC49E02BB13A1600A84FCE /* UIImageView+Extension.swift */,
				17FC49E32BB13A1600A84FCE /* UILabel+Extension.swift */,
				17FC49EA2BB13A1600A84FCE /* UITableView+Extension.swift */,
				17FC49E42BB13A1600A84FCE /* UIView+Extension.swift */,
				17FC49E62BB13A1600A84FCE /* UIViewController+Extension.swift */,
				17FC49D82BB13A1600A84FCE /* URL+Extension.swift */,
			);
			path = Extensions;
			sourceTree = "<group>";
		};
		1BC6A2DE2C0CA182009AB53D /* Order */ = {
			isa = PBXGroup;
			children = (
				1BC6A2DF2C0CA22F009AB53D /* OrderListVC.swift */,
				1BC6A2E02C0CA22F009AB53D /* OrderListVC.xib */,
				1BC6A2E32C0CA318009AB53D /* OrderCell.swift */,
				1BC6A2E42C0CA318009AB53D /* OrderCell.xib */,
			);
			path = Order;
			sourceTree = "<group>";
		};
		53A3573B8009DFBD4760F7B9 /* Pods */ = {
			isa = PBXGroup;
			children = (
				03C19072E9C47BFAE98DA8C1 /* Pods-UniqloApp.debug.xcconfig */,
				C1E81EC8F46EC225F790F328 /* Pods-UniqloApp.release.xcconfig */,
			);
			path = Pods;
			sourceTree = "<group>";
		};
		670221242BB2CB1E008CFF8E /* Cells */ = {
			isa = PBXGroup;
			children = (
				670221252BB2CB42008CFF8E /* ItemCell.swift */,
				670221262BB2CB42008CFF8E /* ItemCell.xib */,
			);
			path = Cells;
			sourceTree = "<group>";
		};
		67FCD6452BB156210080DA2B /* Controllers */ = {
			isa = PBXGroup;
			children = (
				1BC6A2DE2C0CA182009AB53D /* Order */,
				174118C12BC53B7F00B04CCE /* Cart */,
				17BB88702BC3E5A900CAA43F /* ItemDetail */,
				17E7C8CD2BBD608F00C7F6B6 /* ListItem */,
				1759D9B22BBC15E000E4FE60 /* Category */,
				670221242BB2CB1E008CFF8E /* Cells */,
				67FCD6462BB156320080DA2B /* RegisterVC.swift */,
				67FCD6472BB156320080DA2B /* RegisterVC.xib */,
				67FCD64A2BB1577C0080DA2B /* LoginVC.swift */,
				67FCD64B2BB1577C0080DA2B /* LoginVC.xib */,
				670221142BB2B468008CFF8E /* MainVC.swift */,
				670221152BB2B468008CFF8E /* MainVC.xib */,
				670221182BB2BAD9008CFF8E /* ProfileVC.swift */,
				670221192BB2BAD9008CFF8E /* ProfileVC.xib */,
				670221202BB2BBB5008CFF8E /* HomeVC.swift */,
				670221212BB2BBB5008CFF8E /* HomeVC.xib */,
				17BB886E2BC3E20800CAA43F /* BaseVC.swift */,
			);
			path = Controllers;
			sourceTree = "<group>";
		};
		F32C865B8C5D498A44A03AA3 /* Frameworks */ = {
			isa = PBXGroup;
			children = (
				A884C74DF92FE684286DE28B /* Pods_UniqloApp.framework */,
			);
			name = Frameworks;
			sourceTree = "<group>";
		};
/* End PBXGroup section */

/* Begin PBXNativeTarget section */
		17FC49902BB135B400A84FCE /* UniqloApp */ = {
			isa = PBXNativeTarget;
			buildConfigurationList = 17FC49A52BB135B600A84FCE /* Build configuration list for PBXNativeTarget "UniqloApp" */;
			buildPhases = (
				351B45EF4FA76FDD9B9771CE /* [CP] Check Pods Manifest.lock */,
				17FC498D2BB135B400A84FCE /* Sources */,
				17FC498E2BB135B400A84FCE /* Frameworks */,
				17FC498F2BB135B400A84FCE /* Resources */,
				9C9BB699E57418B3D5149D35 /* [CP] Embed Pods Frameworks */,
			);
			buildRules = (
			);
			dependencies = (
			);
			name = UniqloApp;
			productName = UniqloApp;
			productReference = 17FC49912BB135B400A84FCE /* UniqloApp.app */;
			productType = "com.apple.product-type.application";
		};
/* End PBXNativeTarget section */

/* Begin PBXProject section */
		17FC49892BB135B400A84FCE /* Project object */ = {
			isa = PBXProject;
			attributes = {
				BuildIndependentTargetsInParallel = 1;
				LastSwiftUpdateCheck = 1430;
				LastUpgradeCheck = 1430;
				TargetAttributes = {
					17FC49902BB135B400A84FCE = {
						CreatedOnToolsVersion = 14.3.1;
					};
				};
			};
			buildConfigurationList = 17FC498C2BB135B400A84FCE /* Build configuration list for PBXProject "UniqloApp" */;
			compatibilityVersion = "Xcode 14.0";
			developmentRegion = en;
			hasScannedForEncodings = 0;
			knownRegions = (
				en,
				Base,
			);
			mainGroup = 17FC49882BB135B400A84FCE;
			productRefGroup = 17FC49922BB135B400A84FCE /* Products */;
			projectDirPath = "";
			projectRoot = "";
			targets = (
				17FC49902BB135B400A84FCE /* UniqloApp */,
			);
		};
/* End PBXProject section */

/* Begin PBXResourcesBuildPhase section */
		17FC498F2BB135B400A84FCE /* Resources */ = {
			isa = PBXResourcesBuildPhase;
			buildActionMask = 2147483647;
			files = (
				1759D9A62BBC041600E4FE60 /* TT Commons Medium.otf in Resources */,
				1BC6A2E22C0CA22F009AB53D /* OrderListVC.xib in Resources */,
				6702211B2BB2BAD9008CFF8E /* ProfileVC.xib in Resources */,
				1759D9AC2BBC041600E4FE60 /* TT Commons DemiBold Italic.otf in Resources */,
				17BB88692BC3D86500CAA43F /* ListItemVC.xib in Resources */,
				6702211F2BB2BAEF008CFF8E /* CartVC.xib in Resources */,
				1759D9AD2BBC041600E4FE60 /* TT Commons ExtraLight.otf in Resources */,
				67FCD64D2BB1577C0080DA2B /* LoginVC.xib in Resources */,
				1759D9B62BBC15FB00E4FE60 /* CategoryCollectionViewCell.xib in Resources */,
				3E50448A2C0B836F00A41243 /* ShippingInfoVC.xib in Resources */,
				1759D9AB2BBC041600E4FE60 /* TT Commons Medium Italic.otf in Resources */,
				1759D9A92BBC041600E4FE60 /* TT Commons Black.otf in Resources */,
				17FC49A12BB135B600A84FCE /* LaunchScreen.storyboard in Resources */,
				1759D99E2BBC041600E4FE60 /* TT Commons ExtraBold Italic.otf in Resources */,
				1759D9A42BBC041600E4FE60 /* TT Commons ExtraLight Italic.otf in Resources */,
				1BEF93C52C08E80B008FA898 /* VariationCell.xib in Resources */,
				1759D9A22BBC041600E4FE60 /* TT Commons ExtraBold.otf in Resources */,
				670221282BB2CB42008CFF8E /* ItemCell.xib in Resources */,
				1759D9BA2BBC165E00E4FE60 /* CategoryCell.xib in Resources */,
				17FC499E2BB135B600A84FCE /* Assets.xcassets in Resources */,
				1BEF93C12C08E4CF008FA898 /* BottomSheetVC.xib in Resources */,
				1759D9A32BBC041600E4FE60 /* TT Commons Light Italic.otf in Resources */,
				1759D9A52BBC041600E4FE60 /* TT Commons Italic.otf in Resources */,
				1759D9A02BBC041600E4FE60 /* TT Commons Thin.otf in Resources */,
				1759D99D2BBC041600E4FE60 /* TT Commons Thin Italic.otf in Resources */,
				17BB88782BC3F45E00CAA43F /* ItemImageCell.xib in Resources */,
				1759D9A12BBC041600E4FE60 /* TT Commons Black Italic.otf in Resources */,
				17BB88742BC3E5C200CAA43F /* ItemDetailVC.xib in Resources */,
				17FC49D32BB138C200A84FCE /* LoadingIndicatorView.xib in Resources */,
				670221232BB2BBB5008CFF8E /* HomeVC.xib in Resources */,
				67FCD6492BB156320080DA2B /* RegisterVC.xib in Resources */,
				1759D99F2BBC041600E4FE60 /* TT Commons Light.otf in Resources */,
				17BB886D2BC3DBC500CAA43F /* UniqloItemCell.xib in Resources */,
				1759D9A82BBC041600E4FE60 /* TT Commons Bold.otf in Resources */,
				174118C52BC53BA300B04CCE /* CheckOutItemCell.xib in Resources */,
				1759D9AA2BBC041600E4FE60 /* TT Commons Bold Italic.otf in Resources */,
				1759D9B12BBC092800E4FE60 /* CategoryVC.xib in Resources */,
				1BC6A2E62C0CA318009AB53D /* OrderCell.xib in Resources */,
				670221172BB2B468008CFF8E /* MainVC.xib in Resources */,
				1759D99C2BBC041600E4FE60 /* TT Commons DemiBold.otf in Resources */,
				1759D9A72BBC041600E4FE60 /* TT Commons Regular.otf in Resources */,
			);
			runOnlyForDeploymentPostprocessing = 0;
		};
/* End PBXResourcesBuildPhase section */

/* Begin PBXShellScriptBuildPhase section */
		351B45EF4FA76FDD9B9771CE /* [CP] Check Pods Manifest.lock */ = {
			isa = PBXShellScriptBuildPhase;
			buildActionMask = 2147483647;
			files = (
			);
			inputFileListPaths = (
			);
			inputPaths = (
				"${PODS_PODFILE_DIR_PATH}/Podfile.lock",
				"${PODS_ROOT}/Manifest.lock",
			);
			name = "[CP] Check Pods Manifest.lock";
			outputFileListPaths = (
			);
			outputPaths = (
				"$(DERIVED_FILE_DIR)/Pods-UniqloApp-checkManifestLockResult.txt",
			);
			runOnlyForDeploymentPostprocessing = 0;
			shellPath = /bin/sh;
			shellScript = "diff \"${PODS_PODFILE_DIR_PATH}/Podfile.lock\" \"${PODS_ROOT}/Manifest.lock\" > /dev/null\nif [ $? != 0 ] ; then\n    # print error to STDERR\n    echo \"error: The sandbox is not in sync with the Podfile.lock. Run 'pod install' or update your CocoaPods installation.\" >&2\n    exit 1\nfi\n# This output is used by Xcode 'outputs' to avoid re-running this script phase.\necho \"SUCCESS\" > \"${SCRIPT_OUTPUT_FILE_0}\"\n";
			showEnvVarsInLog = 0;
		};
		9C9BB699E57418B3D5149D35 /* [CP] Embed Pods Frameworks */ = {
			isa = PBXShellScriptBuildPhase;
			buildActionMask = 2147483647;
			files = (
			);
			inputFileListPaths = (
				"${PODS_ROOT}/Target Support Files/Pods-UniqloApp/Pods-UniqloApp-frameworks-${CONFIGURATION}-input-files.xcfilelist",
			);
			name = "[CP] Embed Pods Frameworks";
			outputFileListPaths = (
				"${PODS_ROOT}/Target Support Files/Pods-UniqloApp/Pods-UniqloApp-frameworks-${CONFIGURATION}-output-files.xcfilelist",
			);
			runOnlyForDeploymentPostprocessing = 0;
			shellPath = /bin/sh;
			shellScript = "\"${PODS_ROOT}/Target Support Files/Pods-UniqloApp/Pods-UniqloApp-frameworks.sh\"\n";
			showEnvVarsInLog = 0;
		};
/* End PBXShellScriptBuildPhase section */

/* Begin PBXSourcesBuildPhase section */
		17FC498D2BB135B400A84FCE /* Sources */ = {
			isa = PBXSourcesBuildPhase;
			buildActionMask = 2147483647;
			files = (
				6702211E2BB2BAEF008CFF8E /* CartVC.swift in Sources */,
				17FC49CD2BB137C000A84FCE /* APIUIIndicator.swift in Sources */,
				17FC49D22BB138C200A84FCE /* LoadingIndicatorView.swift in Sources */,
				1BEF93C02C08E4CF008FA898 /* BottomSheetVC.swift in Sources */,
				17FC49F32BB13A1600A84FCE /* UIImageView+Extension.swift in Sources */,
				1BEF93C42C08E80B008FA898 /* VariationCell.swift in Sources */,
				17FC49FC2BB13A1600A84FCE /* UIApplication+Extension.swift in Sources */,
				17FC49EF2BB13A1600A84FCE /* Throttler.swift in Sources */,
				17FC49F92BB13A1600A84FCE /* UIViewController+Extension.swift in Sources */,
				1BC6A2E12C0CA22F009AB53D /* OrderListVC.swift in Sources */,
				17FC49B92BB137A400A84FCE /* APIResponse.swift in Sources */,
				3E0953872C08D83D00B9061A /* AddItemToCartAPI.swift in Sources */,
				17BB886C2BC3DBC500CAA43F /* UniqloItemCell.swift in Sources */,
				17FC49ED2BB13A1600A84FCE /* Bundle+Extension.swift in Sources */,
				3E50448D2C0B8ACC00A41243 /* PostOrderAPI.swift in Sources */,
				670221222BB2BBB5008CFF8E /* HomeVC.swift in Sources */,
				17FC49F52BB13A1600A84FCE /* UICollectionView+Extension.swift in Sources */,
				17BB88682BC3D86500CAA43F /* ListItemVC.swift in Sources */,
				3E9A0A9A2C0C4EFC00F35534 /* DetailRecommendItemsAPI.swift in Sources */,
				1BE57B462C0B8D7B00C86592 /* SendReviewAPI.swift in Sources */,
				17FC49EC2BB13A1600A84FCE /* Int+Extension.swift in Sources */,
				17FC49F12BB13A1600A84FCE /* String+Extension.swift in Sources */,
				3E50448B2C0B836F00A41243 /* ShippingInfoVC.swift in Sources */,
				17FC49C82BB137B900A84FCE /* APIProcessingManager.swift in Sources */,
				67FCD6482BB156320080DA2B /* RegisterVC.swift in Sources */,
				17DCD3F02BC67519001A997B /* CartItem.swift in Sources */,
				17FC49BE2BB137AB00A84FCE /* APIDispatcherProtocol.swift in Sources */,
				174118C42BC53BA300B04CCE /* CheckOutItemCell.swift in Sources */,
				17FC49C92BB137B900A84FCE /* APIUtilities.swift in Sources */,
				17BB886F2BC3E20800CAA43F /* BaseVC.swift in Sources */,
				17FC49F02BB13A1600A84FCE /* UIColor+Extension.swift in Sources */,
				17FC49B22BB1379C00A84FCE /* APIOperation.swift in Sources */,
				670221162BB2B468008CFF8E /* MainVC.swift in Sources */,
				17FC49B32BB1379C00A84FCE /* APIOperationProtocol.swift in Sources */,
				17FC49BA2BB137A400A84FCE /* APIConfiguration.swift in Sources */,
				1BEF93BD2C08CE15008FA898 /* ProductDetailAPI.swift in Sources */,
				17FC49C22BB137B200A84FCE /* APIEnviromentProtocol.swift in Sources */,
				1759D9B92BBC165E00E4FE60 /* CategoryCell.swift in Sources */,
				17FC49CC2BB137C000A84FCE /* APIUIAlert.swift in Sources */,
				17FC49FA2BB13A1600A84FCE /* CGFloat+Extension.swift in Sources */,
				17FC49FD2BB13A1600A84FCE /* UITableView+Extension.swift in Sources */,
				17FC49F72BB13A1600A84FCE /* UIView+Extension.swift in Sources */,
				3ECD98C42C07803700976B3F /* RegisterAPI.swift in Sources */,
				17FC49C72BB137B900A84FCE /* APIExtension.swift in Sources */,
				17FC49BF2BB137AB00A84FCE /* APIDispatcher.swift in Sources */,
				670221272BB2CB42008CFF8E /* ItemCell.swift in Sources */,
				17FC49EB2BB13A1600A84FCE /* URL+Extension.swift in Sources */,
				1759D9B52BBC15FB00E4FE60 /* CategoryCollectionViewCell.swift in Sources */,
				17BB88772BC3F45E00CAA43F /* ItemImageCell.swift in Sources */,
				3E5044872C0B21AE00A41243 /* DeleteCartItemAPI.swift in Sources */,
				17FC49F42BB13A1600A84FCE /* UICollectionReusableView+Extension.swift in Sources */,
				6702211A2BB2BAD9008CFF8E /* ProfileVC.swift in Sources */,
				3EAC467B2C1428F200E38DF5 /* ProfileRecommendItemsAPI.swift in Sources */,
				17FC49C32BB137B200A84FCE /* APIMainEnviroment.swift in Sources */,
				17FC49F22BB13A1600A84FCE /* UIImage+Extension.swift in Sources */,
				17FC49F82BB13A1600A84FCE /* Date+Extension .swift in Sources */,
				3ECD98C22C07801E00976B3F /* LoginAPI.swift in Sources */,
				17FC49952BB135B400A84FCE /* AppDelegate.swift in Sources */,
				17FC49FB2BB13A1600A84FCE /* PHAsset+Extension.swift in Sources */,
				1759D9B02BBC092800E4FE60 /* CategoryVC.swift in Sources */,
				1BC6A2E52C0CA318009AB53D /* OrderCell.swift in Sources */,
				67FCD64C2BB1577C0080DA2B /* LoginVC.swift in Sources */,
				17FC49B82BB137A400A84FCE /* APIRequest.swift in Sources */,
				17FC49F62BB13A1600A84FCE /* UILabel+Extension.swift in Sources */,
				17DCD3F22BC67589001A997B /* UniqloItem.swift in Sources */,
				17FC49BB2BB137A400A84FCE /* APIError.swift in Sources */,
				675C4D7D2C08881500B8E3A1 /* SharedData.swift in Sources */,
				17BB88732BC3E5C200CAA43F /* ItemDetailVC.swift in Sources */,
				3E0953852C08CA2500B9061A /* GetCartItemAPI.swift in Sources */,
				17FC49EE2BB13A1600A84FCE /* Collection+Extension.swift in Sources */,
				17D13C912C06C923004458B7 /* CategoryListAPI.swift in Sources */,
			);
			runOnlyForDeploymentPostprocessing = 0;
		};
/* End PBXSourcesBuildPhase section */

/* Begin PBXVariantGroup section */
		17FC499F2BB135B600A84FCE /* LaunchScreen.storyboard */ = {
			isa = PBXVariantGroup;
			children = (
				17FC49A02BB135B600A84FCE /* Base */,
			);
			name = LaunchScreen.storyboard;
			sourceTree = "<group>";
		};
/* End PBXVariantGroup section */

/* Begin XCBuildConfiguration section */
		17FC49A32BB135B600A84FCE /* Debug */ = {
			isa = XCBuildConfiguration;
			buildSettings = {
				ALWAYS_SEARCH_USER_PATHS = NO;
				CLANG_ANALYZER_NONNULL = YES;
				CLANG_ANALYZER_NUMBER_OBJECT_CONVERSION = YES_AGGRESSIVE;
				CLANG_CXX_LANGUAGE_STANDARD = "gnu++20";
				CLANG_ENABLE_MODULES = YES;
				CLANG_ENABLE_OBJC_ARC = YES;
				CLANG_ENABLE_OBJC_WEAK = YES;
				CLANG_WARN_BLOCK_CAPTURE_AUTORELEASING = YES;
				CLANG_WARN_BOOL_CONVERSION = YES;
				CLANG_WARN_COMMA = YES;
				CLANG_WARN_CONSTANT_CONVERSION = YES;
				CLANG_WARN_DEPRECATED_OBJC_IMPLEMENTATIONS = YES;
				CLANG_WARN_DIRECT_OBJC_ISA_USAGE = YES_ERROR;
				CLANG_WARN_DOCUMENTATION_COMMENTS = YES;
				CLANG_WARN_EMPTY_BODY = YES;
				CLANG_WARN_ENUM_CONVERSION = YES;
				CLANG_WARN_INFINITE_RECURSION = YES;
				CLANG_WARN_INT_CONVERSION = YES;
				CLANG_WARN_NON_LITERAL_NULL_CONVERSION = YES;
				CLANG_WARN_OBJC_IMPLICIT_RETAIN_SELF = YES;
				CLANG_WARN_OBJC_LITERAL_CONVERSION = YES;
				CLANG_WARN_OBJC_ROOT_CLASS = YES_ERROR;
				CLANG_WARN_QUOTED_INCLUDE_IN_FRAMEWORK_HEADER = YES;
				CLANG_WARN_RANGE_LOOP_ANALYSIS = YES;
				CLANG_WARN_STRICT_PROTOTYPES = YES;
				CLANG_WARN_SUSPICIOUS_MOVE = YES;
				CLANG_WARN_UNGUARDED_AVAILABILITY = YES_AGGRESSIVE;
				CLANG_WARN_UNREACHABLE_CODE = YES;
				CLANG_WARN__DUPLICATE_METHOD_MATCH = YES;
				COPY_PHASE_STRIP = NO;
				DEBUG_INFORMATION_FORMAT = dwarf;
				ENABLE_STRICT_OBJC_MSGSEND = YES;
				ENABLE_TESTABILITY = YES;
				GCC_C_LANGUAGE_STANDARD = gnu11;
				GCC_DYNAMIC_NO_PIC = NO;
				GCC_NO_COMMON_BLOCKS = YES;
				GCC_OPTIMIZATION_LEVEL = 0;
				GCC_PREPROCESSOR_DEFINITIONS = (
					"DEBUG=1",
					"$(inherited)",
				);
				GCC_WARN_64_TO_32_BIT_CONVERSION = YES;
				GCC_WARN_ABOUT_RETURN_TYPE = YES_ERROR;
				GCC_WARN_UNDECLARED_SELECTOR = YES;
				GCC_WARN_UNINITIALIZED_AUTOS = YES_AGGRESSIVE;
				GCC_WARN_UNUSED_FUNCTION = YES;
				GCC_WARN_UNUSED_VARIABLE = YES;
				IPHONEOS_DEPLOYMENT_TARGET = 16.4;
				MTL_ENABLE_DEBUG_INFO = INCLUDE_SOURCE;
				MTL_FAST_MATH = YES;
				ONLY_ACTIVE_ARCH = YES;
				SDKROOT = iphoneos;
				SWIFT_ACTIVE_COMPILATION_CONDITIONS = DEBUG;
				SWIFT_OPTIMIZATION_LEVEL = "-Onone";
			};
			name = Debug;
		};
		17FC49A42BB135B600A84FCE /* Release */ = {
			isa = XCBuildConfiguration;
			buildSettings = {
				ALWAYS_SEARCH_USER_PATHS = NO;
				CLANG_ANALYZER_NONNULL = YES;
				CLANG_ANALYZER_NUMBER_OBJECT_CONVERSION = YES_AGGRESSIVE;
				CLANG_CXX_LANGUAGE_STANDARD = "gnu++20";
				CLANG_ENABLE_MODULES = YES;
				CLANG_ENABLE_OBJC_ARC = YES;
				CLANG_ENABLE_OBJC_WEAK = YES;
				CLANG_WARN_BLOCK_CAPTURE_AUTORELEASING = YES;
				CLANG_WARN_BOOL_CONVERSION = YES;
				CLANG_WARN_COMMA = YES;
				CLANG_WARN_CONSTANT_CONVERSION = YES;
				CLANG_WARN_DEPRECATED_OBJC_IMPLEMENTATIONS = YES;
				CLANG_WARN_DIRECT_OBJC_ISA_USAGE = YES_ERROR;
				CLANG_WARN_DOCUMENTATION_COMMENTS = YES;
				CLANG_WARN_EMPTY_BODY = YES;
				CLANG_WARN_ENUM_CONVERSION = YES;
				CLANG_WARN_INFINITE_RECURSION = YES;
				CLANG_WARN_INT_CONVERSION = YES;
				CLANG_WARN_NON_LITERAL_NULL_CONVERSION = YES;
				CLANG_WARN_OBJC_IMPLICIT_RETAIN_SELF = YES;
				CLANG_WARN_OBJC_LITERAL_CONVERSION = YES;
				CLANG_WARN_OBJC_ROOT_CLASS = YES_ERROR;
				CLANG_WARN_QUOTED_INCLUDE_IN_FRAMEWORK_HEADER = YES;
				CLANG_WARN_RANGE_LOOP_ANALYSIS = YES;
				CLANG_WARN_STRICT_PROTOTYPES = YES;
				CLANG_WARN_SUSPICIOUS_MOVE = YES;
				CLANG_WARN_UNGUARDED_AVAILABILITY = YES_AGGRESSIVE;
				CLANG_WARN_UNREACHABLE_CODE = YES;
				CLANG_WARN__DUPLICATE_METHOD_MATCH = YES;
				COPY_PHASE_STRIP = NO;
				DEBUG_INFORMATION_FORMAT = "dwarf-with-dsym";
				ENABLE_NS_ASSERTIONS = NO;
				ENABLE_STRICT_OBJC_MSGSEND = YES;
				GCC_C_LANGUAGE_STANDARD = gnu11;
				GCC_NO_COMMON_BLOCKS = YES;
				GCC_WARN_64_TO_32_BIT_CONVERSION = YES;
				GCC_WARN_ABOUT_RETURN_TYPE = YES_ERROR;
				GCC_WARN_UNDECLARED_SELECTOR = YES;
				GCC_WARN_UNINITIALIZED_AUTOS = YES_AGGRESSIVE;
				GCC_WARN_UNUSED_FUNCTION = YES;
				GCC_WARN_UNUSED_VARIABLE = YES;
				IPHONEOS_DEPLOYMENT_TARGET = 16.4;
				MTL_ENABLE_DEBUG_INFO = NO;
				MTL_FAST_MATH = YES;
				SDKROOT = iphoneos;
				SWIFT_COMPILATION_MODE = wholemodule;
				SWIFT_OPTIMIZATION_LEVEL = "-O";
				VALIDATE_PRODUCT = YES;
			};
			name = Release;
		};
		17FC49A62BB135B600A84FCE /* Debug */ = {
			isa = XCBuildConfiguration;
			baseConfigurationReference = 03C19072E9C47BFAE98DA8C1 /* Pods-UniqloApp.debug.xcconfig */;
			buildSettings = {
				ASSETCATALOG_COMPILER_APPICON_NAME = AppIcon;
				ASSETCATALOG_COMPILER_GLOBAL_ACCENT_COLOR_NAME = AccentColor;
				CODE_SIGN_STYLE = Automatic;
				CURRENT_PROJECT_VERSION = 1;
				DEVELOPMENT_TEAM = 87W2222WS8;
				GENERATE_INFOPLIST_FILE = YES;
				INFOPLIST_FILE = UniqloApp/Info.plist;
				INFOPLIST_KEY_UIApplicationSupportsIndirectInputEvents = YES;
				INFOPLIST_KEY_UILaunchStoryboardName = LaunchScreen.storyboard;
				INFOPLIST_KEY_UISupportedInterfaceOrientations_iPad = "UIInterfaceOrientationPortrait UIInterfaceOrientationPortraitUpsideDown UIInterfaceOrientationLandscapeLeft UIInterfaceOrientationLandscapeRight";
				INFOPLIST_KEY_UISupportedInterfaceOrientations_iPhone = "UIInterfaceOrientationPortrait UIInterfaceOrientationLandscapeLeft UIInterfaceOrientationLandscapeRight";
				IPHONEOS_DEPLOYMENT_TARGET = 15.0;
				LD_RUNPATH_SEARCH_PATHS = (
					"$(inherited)",
					"@executable_path/Frameworks",
				);
				MARKETING_VERSION = 1.0;
				PRODUCT_BUNDLE_IDENTIFIER = com.anhntv.UniqloApp;
				PRODUCT_NAME = "$(TARGET_NAME)";
				SWIFT_EMIT_LOC_STRINGS = YES;
				SWIFT_VERSION = 5.0;
				TARGETED_DEVICE_FAMILY = "1,2";
			};
			name = Debug;
		};
		17FC49A72BB135B600A84FCE /* Release */ = {
			isa = XCBuildConfiguration;
			baseConfigurationReference = C1E81EC8F46EC225F790F328 /* Pods-UniqloApp.release.xcconfig */;
			buildSettings = {
				ASSETCATALOG_COMPILER_APPICON_NAME = AppIcon;
				ASSETCATALOG_COMPILER_GLOBAL_ACCENT_COLOR_NAME = AccentColor;
				CODE_SIGN_STYLE = Automatic;
				CURRENT_PROJECT_VERSION = 1;
				DEVELOPMENT_TEAM = 87W2222WS8;
				GENERATE_INFOPLIST_FILE = YES;
				INFOPLIST_FILE = UniqloApp/Info.plist;
				INFOPLIST_KEY_UIApplicationSupportsIndirectInputEvents = YES;
				INFOPLIST_KEY_UILaunchStoryboardName = LaunchScreen.storyboard;
				INFOPLIST_KEY_UISupportedInterfaceOrientations_iPad = "UIInterfaceOrientationPortrait UIInterfaceOrientationPortraitUpsideDown UIInterfaceOrientationLandscapeLeft UIInterfaceOrientationLandscapeRight";
				INFOPLIST_KEY_UISupportedInterfaceOrientations_iPhone = "UIInterfaceOrientationPortrait UIInterfaceOrientationLandscapeLeft UIInterfaceOrientationLandscapeRight";
				IPHONEOS_DEPLOYMENT_TARGET = 15.0;
				LD_RUNPATH_SEARCH_PATHS = (
					"$(inherited)",
					"@executable_path/Frameworks",
				);
				MARKETING_VERSION = 1.0;
				PRODUCT_BUNDLE_IDENTIFIER = com.anhntv.UniqloApp;
				PRODUCT_NAME = "$(TARGET_NAME)";
				SWIFT_EMIT_LOC_STRINGS = YES;
				SWIFT_VERSION = 5.0;
				TARGETED_DEVICE_FAMILY = "1,2";
			};
			name = Release;
		};
/* End XCBuildConfiguration section */

/* Begin XCConfigurationList section */
		17FC498C2BB135B400A84FCE /* Build configuration list for PBXProject "UniqloApp" */ = {
			isa = XCConfigurationList;
			buildConfigurations = (
				17FC49A32BB135B600A84FCE /* Debug */,
				17FC49A42BB135B600A84FCE /* Release */,
			);
			defaultConfigurationIsVisible = 0;
			defaultConfigurationName = Release;
		};
		17FC49A52BB135B600A84FCE /* Build configuration list for PBXNativeTarget "UniqloApp" */ = {
			isa = XCConfigurationList;
			buildConfigurations = (
				17FC49A62BB135B600A84FCE /* Debug */,
				17FC49A72BB135B600A84FCE /* Release */,
			);
			defaultConfigurationIsVisible = 0;
			defaultConfigurationName = Release;
		};
/* End XCConfigurationList section */
	};
	rootObject = 17FC49892BB135B400A84FCE /* Project object */;
}
